// !$*UTF8*$!
{
	archiveVersion = 1;
	classes = {
	};
	objectVersion = 56;
	objects = {

/* Begin PBXBuildFile section */
		5955F3372D41921E003976BC /* SharePlayLauncherButton.swift in Sources */ = {isa = PBXBuildFile; fileRef = 5955F3362D41921E003976BC /* SharePlayLauncherButton.swift */; };
		89740FDF2F92AF430011DB05 /* SpeakerStartSessionView.swift in Sources */ = {isa = PBXBuildFile; fileRef = 89740FDE2F92AF430011DB05 /* SpeakerStartSessionView.swift */; };
		89740FE12F92B7A70011DB05 /* AudienceOnboardingView.swift in Sources */ = {isa = PBXBuildFile; fileRef = 89740FE02F92B7A70011DB05 /* AudienceOnboardingView.swift */; };
		897410172F955C860011DB05 /* AudienceReminderView.swift in Sources */ = {isa = PBXBuildFile; fileRef = 897410162F955C860011DB05 /* AudienceReminderView.swift */; };
		897410192F955C860011DB05 /* AudienceWaitingView.swift in Sources */ = {isa = PBXBuildFile; fileRef = 897410182F955C860011DB05 /* AudienceWaitingView.swift */; };
		8974101B2F95DCFF0011DB05 /* CuePreviewView.swift in Sources */ = {isa = PBXBuildFile; fileRef = 8974101A2F95DCFF0011DB05 /* CuePreviewView.swift */; };
		8974101D2F95DF400011DB05 /* WaitingParticipantsView.swift in Sources */ = {isa = PBXBuildFile; fileRef = 8974101C2F95DF400011DB05 /* WaitingParticipantsView.swift */; };
		897410AB2F9958500011DB05 /* pitchroomvroriginal.usdc in Resources */ = {isa = PBXBuildFile; fileRef = 897410AA2F9958500011DB05 /* pitchroomvroriginal.usdc */; };
		897411012F99F5930011DB05 /* FeedbackModels.swift in Sources */ = {isa = PBXBuildFile; fileRef = 897411002F99F5930011DB05 /* FeedbackModels.swift */; };
		897411032F99F5950011DB05 /* AudienceFeedbackPanel.swift in Sources */ = {isa = PBXBuildFile; fileRef = 897411022F99F5950011DB05 /* AudienceFeedbackPanel.swift */; };
		897411092F99F5960011DB05 /* SpeakerFeedbackOverlay.swift in Sources */ = {isa = PBXBuildFile; fileRef = 897411082F99F5960011DB05 /* SpeakerFeedbackOverlay.swift */; };
		8974113F2F9A0F010011DB05 /* SpeakingStageWindowView.swift in Sources */ = {isa = PBXBuildFile; fileRef = 8974113E2F9A0F010011DB05 /* SpeakingStageWindowView.swift */; };
		897411412F9A8E6F0011DB05 /* AudienceSpeakingMainPanelView.swift in Sources */ = {isa = PBXBuildFile; fileRef = 897411402F9A8E6F0011DB05 /* AudienceSpeakingMainPanelView.swift */; };
		897411A32F9AB7C40011DB05 /* pitchroomvr.usdz in Resources */ = {isa = PBXBuildFile; fileRef = 897411A22F9AB7C40011DB05 /* pitchroomvr.usdz */; };
		89A734492F8038F1009050AE /* RoleSelectionTemplate.swift in Sources */ = {isa = PBXBuildFile; fileRef = 89A734482F8038F1009050AE /* RoleSelectionTemplate.swift */; };
		89A7344B2F8038F1009050AE /* SessionTemplate.swift in Sources */ = {isa = PBXBuildFile; fileRef = 89A7344A2F8038F1009050AE /* SessionTemplate.swift */; };
		89F4289B2F896CE4004CFB85 /* SpeakerFeedbackView.swift in Sources */ = {isa = PBXBuildFile; fileRef = 89F4289A2F896CE4004CFB85 /* SpeakerFeedbackView.swift */; };
		89F4289D2F896CE5004CFB85 /* SpeakerCueInstructionView.swift in Sources */ = {isa = PBXBuildFile; fileRef = 89F4289C2F896CE5004CFB85 /* SpeakerCueInstructionView.swift */; };
		89F428A12F8978C9004CFB85 /* AudienceReadyView.swift in Sources */ = {isa = PBXBuildFile; fileRef = 89F428A02F8978C9004CFB85 /* AudienceReadyView.swift */; };
		89F428A92F898F8A004CFB85 /* StageManager.swift in Sources */ = {isa = PBXBuildFile; fileRef = 89F428A82F898F8A004CFB85 /* StageManager.swift */; };
		89F428AB2F898F8A004CFB85 /* OnboardingStageManager.swift in Sources */ = {isa = PBXBuildFile; fileRef = 89F428AA2F898F8A004CFB85 /* OnboardingStageManager.swift */; };
		89F428AD2F898F8A004CFB85 /* SpeakingStageManager.swift in Sources */ = {isa = PBXBuildFile; fileRef = 89F428AC2F898F8A004CFB85 /* SpeakingStageManager.swift */; };
		89F428AF2F898F8B004CFB85 /* ReviewingStageManager.swift in Sources */ = {isa = PBXBuildFile; fileRef = 89F428AE2F898F8B004CFB85 /* ReviewingStageManager.swift */; };
		89F428B22F899863004CFB85 /* OnboardingStageView.swift in Sources */ = {isa = PBXBuildFile; fileRef = 89F428B12F899863004CFB85 /* OnboardingStageView.swift */; };
		89F428B42F899863004CFB85 /* ReviewingStageView.swift in Sources */ = {isa = PBXBuildFile; fileRef = 89F428B32F899863004CFB85 /* ReviewingStageView.swift */; };
		89F428B62F899863004CFB85 /* SpeakingStageView.swift in Sources */ = {isa = PBXBuildFile; fileRef = 89F428B52F899863004CFB85 /* SpeakingStageView.swift */; };
		89F428B82F89A719004CFB85 /* SessionStartCountdownView.swift in Sources */ = {isa = PBXBuildFile; fileRef = 89F428B72F89A719004CFB85 /* SessionStartCountdownView.swift */; };
		C310AA572BD1F2970098D2B8 /* Publisher+withPrevious.swift in Sources */ = {isa = PBXBuildFile; fileRef = C310AA562BD1F2970098D2B8 /* Publisher+withPrevious.swift */; };
		F50303DC2BD97752005EC512 /* PitchLoopImmersiveSpace.swift in Sources */ = {isa = PBXBuildFile; fileRef = F50303DB2BD97752005EC512 /* PitchLoopImmersiveSpace.swift */; };
		F5155FD42BD09B5D004F1CA1 /* PitchLoopVRApp.swift in Sources */ = {isa = PBXBuildFile; fileRef = F5155FD32BD09B5D004F1CA1 /* PitchLoopVRApp.swift */; };
		F5155FD82BD09B5D004F1CA1 /* PitchLoopAppModel.swift in Sources */ = {isa = PBXBuildFile; fileRef = F5155FD72BD09B5D004F1CA1 /* PitchLoopAppModel.swift */; };
		F518FDCF2BD875A7001D1F19 /* ParticipantNameAlert.swift in Sources */ = {isa = PBXBuildFile; fileRef = F518FDCE2BD875A7001D1F19 /* ParticipantNameAlert.swift */; };
		F54255D42BD2E6BB006B9A37 /* RoleSelectionView.swift in Sources */ = {isa = PBXBuildFile; fileRef = F54255D32BD2E6BB006B9A37 /* RoleSelectionView.swift */; };
		F5A044242BD44EA000EDAAD5 /* SharePlaySessionController+ParticipantRoles.swift in Sources */ = {isa = PBXBuildFile; fileRef = F5A044232BD44EA000EDAAD5 /* SharePlaySessionController+ParticipantRoles.swift */; };
		F5AF16242BD6FC7E008D168F /* SharePlaySessionController+Synchronization.swift in Sources */ = {isa = PBXBuildFile; fileRef = F5AF16232BD6FC7E008D168F /* SharePlaySessionController+Synchronization.swift */; };
		F5CF2A052BD1C07A00C66F78 /* SessionState.swift in Sources */ = {isa = PBXBuildFile; fileRef = F5CF2A042BD1C07A00C66F78 /* SessionState.swift */; };
		F5CF2A072BD1CD8A00C66F78 /* SharePlaySessionController.swift in Sources */ = {isa = PBXBuildFile; fileRef = F5CF2A062BD1CD8A00C66F78 /* SharePlaySessionController.swift */; };
		F5CF2A092BD1CF9600C66F78 /* PitchLoopActivity.swift in Sources */ = {isa = PBXBuildFile; fileRef = F5CF2A082BD1CF9600C66F78 /* PitchLoopActivity.swift */; };
		F5CF2A0B2BD1D1A900C66F78 /* ParticipantModel.swift in Sources */ = {isa = PBXBuildFile; fileRef = F5CF2A0A2BD1D1A900C66F78 /* ParticipantModel.swift */; };
		F5CF2A152BD1F42D00C66F78 /* SharePlayEntryView.swift in Sources */ = {isa = PBXBuildFile; fileRef = F5CF2A122BD1EC6700C66F78 /* SharePlayEntryView.swift */; };
		F5E971A32BE0492900A0BE6A /* RootView.swift in Sources */ = {isa = PBXBuildFile; fileRef = F5E971A22BE0492900A0BE6A /* RootView.swift */; };
		F5E971A52BE04BC200A0BE6A /* PitchLoopWindow.swift in Sources */ = {isa = PBXBuildFile; fileRef = F5E971A42BE04BC200A0BE6A /* PitchLoopWindow.swift */; };
/* End PBXBuildFile section */

/* Begin PBXFileReference section */
		475409EE5B8057AEF1677487 /* README.md */ = {isa = PBXFileReference; lastKnownFileType = net.daringfireball.markdown; path = README.md; sourceTree = "<group>"; };
		5955F3362D41921E003976BC /* SharePlayLauncherButton.swift */ = {isa = PBXFileReference; lastKnownFileType = sourcecode.swift; path = SharePlayLauncherButton.swift; sourceTree = "<group>"; };
		7688F8DEB562CE9A08724A7B /* LICENSE.txt */ = {isa = PBXFileReference; includeInIndex = 1; lastKnownFileType = text; path = LICENSE.txt; sourceTree = "<group>"; };
		89740FDE2F92AF430011DB05 /* SpeakerStartSessionView.swift */ = {isa = PBXFileReference; lastKnownFileType = sourcecode.swift; path = SpeakerStartSessionView.swift; sourceTree = "<group>"; };
		89740FE02F92B7A70011DB05 /* AudienceOnboardingView.swift */ = {isa = PBXFileReference; lastKnownFileType = sourcecode.swift; path = AudienceOnboardingView.swift; sourceTree = "<group>"; };
		897410162F955C860011DB05 /* AudienceReminderView.swift */ = {isa = PBXFileReference; lastKnownFileType = sourcecode.swift; path = AudienceReminderView.swift; sourceTree = "<group>"; };
		897410182F955C860011DB05 /* AudienceWaitingView.swift */ = {isa = PBXFileReference; lastKnownFileType = sourcecode.swift; path = AudienceWaitingView.swift; sourceTree = "<group>"; };
		8974101A2F95DCFF0011DB05 /* CuePreviewView.swift */ = {isa = PBXFileReference; lastKnownFileType = sourcecode.swift; path = CuePreviewView.swift; sourceTree = "<group>"; };
		8974101C2F95DF400011DB05 /* WaitingParticipantsView.swift */ = {isa = PBXFileReference; lastKnownFileType = sourcecode.swift; path = WaitingParticipantsView.swift; sourceTree = "<group>"; };
		897410AA2F9958500011DB05 /* pitchroomvroriginal.usdc */ = {isa = PBXFileReference; lastKnownFileType = file; path = pitchroomvroriginal.usdc; sourceTree = "<group>"; };
		897411002F99F5930011DB05 /* FeedbackModels.swift */ = {isa = PBXFileReference; lastKnownFileType = sourcecode.swift; path = FeedbackModels.swift; sourceTree = "<group>"; };
		897411022F99F5950011DB05 /* AudienceFeedbackPanel.swift */ = {isa = PBXFileReference; lastKnownFileType = sourcecode.swift; path = AudienceFeedbackPanel.swift; sourceTree = "<group>"; };
		897411082F99F5960011DB05 /* SpeakerFeedbackOverlay.swift */ = {isa = PBXFileReference; lastKnownFileType = sourcecode.swift; path = SpeakerFeedbackOverlay.swift; sourceTree = "<group>"; };
		8974113E2F9A0F010011DB05 /* SpeakingStageWindowView.swift */ = {isa = PBXFileReference; lastKnownFileType = sourcecode.swift; path = SpeakingStageWindowView.swift; sourceTree = "<group>"; };
		897411402F9A8E6F0011DB05 /* AudienceSpeakingMainPanelView.swift */ = {isa = PBXFileReference; lastKnownFileType = sourcecode.swift; path = AudienceSpeakingMainPanelView.swift; sourceTree = "<group>"; };
		897411A22F9AB7C40011DB05 /* pitchroomvr.usdz */ = {isa = PBXFileReference; lastKnownFileType = file; path = pitchroomvr.usdz; sourceTree = "<group>"; };
		89A734482F8038F1009050AE /* RoleSelectionTemplate.swift */ = {isa = PBXFileReference; lastKnownFileType = sourcecode.swift; path = RoleSelectionTemplate.swift; sourceTree = "<group>"; };
		89A7344A2F8038F1009050AE /* SessionTemplate.swift */ = {isa = PBXFileReference; lastKnownFileType = sourcecode.swift; path = SessionTemplate.swift; sourceTree = "<group>"; };
		89F4289A2F896CE4004CFB85 /* SpeakerFeedbackView.swift */ = {isa = PBXFileReference; lastKnownFileType = sourcecode.swift; path = SpeakerFeedbackView.swift; sourceTree = "<group>"; };
		89F4289C2F896CE5004CFB85 /* SpeakerCueInstructionView.swift */ = {isa = PBXFileReference; lastKnownFileType = sourcecode.swift; path = SpeakerCueInstructionView.swift; sourceTree = "<group>"; };
		89F428A02F8978C9004CFB85 /* AudienceReadyView.swift */ = {isa = PBXFileReference; lastKnownFileType = sourcecode.swift; path = AudienceReadyView.swift; sourceTree = "<group>"; };
		89F428A82F898F8A004CFB85 /* StageManager.swift */ = {isa = PBXFileReference; lastKnownFileType = sourcecode.swift; path = StageManager.swift; sourceTree = "<group>"; };
		89F428AA2F898F8A004CFB85 /* OnboardingStageManager.swift */ = {isa = PBXFileReference; lastKnownFileType = sourcecode.swift; path = OnboardingStageManager.swift; sourceTree = "<group>"; };
		89F428AC2F898F8A004CFB85 /* SpeakingStageManager.swift */ = {isa = PBXFileReference; lastKnownFileType = sourcecode.swift; path = SpeakingStageManager.swift; sourceTree = "<group>"; };
		89F428AE2F898F8B004CFB85 /* ReviewingStageManager.swift */ = {isa = PBXFileReference; lastKnownFileType = sourcecode.swift; path = ReviewingStageManager.swift; sourceTree = "<group>"; };
		89F428B12F899863004CFB85 /* OnboardingStageView.swift */ = {isa = PBXFileReference; lastKnownFileType = sourcecode.swift; path = OnboardingStageView.swift; sourceTree = "<group>"; };
		89F428B32F899863004CFB85 /* ReviewingStageView.swift */ = {isa = PBXFileReference; lastKnownFileType = sourcecode.swift; path = ReviewingStageView.swift; sourceTree = "<group>"; };
		89F428B52F899863004CFB85 /* SpeakingStageView.swift */ = {isa = PBXFileReference; lastKnownFileType = sourcecode.swift; path = SpeakingStageView.swift; sourceTree = "<group>"; };
		89F428B72F89A719004CFB85 /* SessionStartCountdownView.swift */ = {isa = PBXFileReference; lastKnownFileType = sourcecode.swift; path = SessionStartCountdownView.swift; sourceTree = "<group>"; };
		C310AA562BD1F2970098D2B8 /* Publisher+withPrevious.swift */ = {isa = PBXFileReference; lastKnownFileType = sourcecode.swift; path = "Publisher+withPrevious.swift"; sourceTree = "<group>"; };
		F1D93E542B451142BE1E50AB /* SampleCode.xcconfig */ = {isa = PBXFileReference; lastKnownFileType = text.xcconfig; name = SampleCode.xcconfig; path = Configuration/SampleCode.xcconfig; sourceTree = "<group>"; };
		F50303DB2BD97752005EC512 /* PitchLoopImmersiveSpace.swift */ = {isa = PBXFileReference; lastKnownFileType = sourcecode.swift; path = PitchLoopImmersiveSpace.swift; sourceTree = "<group>"; };
		F5155FCC2BD09B5D004F1CA1 /* PitchLoopVR.app */ = {isa = PBXFileReference; explicitFileType = wrapper.application; includeInIndex = 0; path = PitchLoopVR.app; sourceTree = BUILT_PRODUCTS_DIR; };
		F5155FD32BD09B5D004F1CA1 /* PitchLoopVRApp.swift */ = {isa = PBXFileReference; lastKnownFileType = sourcecode.swift; path = PitchLoopVRApp.swift; sourceTree = "<group>"; };
		F5155FD72BD09B5D004F1CA1 /* PitchLoopAppModel.swift */ = {isa = PBXFileReference; lastKnownFileType = sourcecode.swift; path = PitchLoopAppModel.swift; sourceTree = "<group>"; };
		F5155FE02BD09B5F004F1CA1 /* Info.plist */ = {isa = PBXFileReference; lastKnownFileType = text.plist.xml; path = Info.plist; sourceTree = "<group>"; };
		F5155FE62BD09BEB004F1CA1 /* PitchLoopVR.entitlements */ = {isa = PBXFileReference; lastKnownFileType = text.plist.entitlements; path = PitchLoopVR.entitlements; sourceTree = "<group>"; };
		F518FDCE2BD875A7001D1F19 /* ParticipantNameAlert.swift */ = {isa = PBXFileReference; lastKnownFileType = sourcecode.swift; path = ParticipantNameAlert.swift; sourceTree = "<group>"; };
		F54255D32BD2E6BB006B9A37 /* RoleSelectionView.swift */ = {isa = PBXFileReference; lastKnownFileType = sourcecode.swift; path = RoleSelectionView.swift; sourceTree = "<group>"; };
		F5A044232BD44EA000EDAAD5 /* SharePlaySessionController+ParticipantRoles.swift */ = {isa = PBXFileReference; lastKnownFileType = sourcecode.swift; path = "SharePlaySessionController+ParticipantRoles.swift"; sourceTree = "<group>"; };
		F5AF16232BD6FC7E008D168F /* SharePlaySessionController+Synchronization.swift */ = {isa = PBXFileReference; lastKnownFileType = sourcecode.swift; path = "SharePlaySessionController+Synchronization.swift"; sourceTree = "<group>"; };
		F5CF2A042BD1C07A00C66F78 /* SessionState.swift */ = {isa = PBXFileReference; lastKnownFileType = sourcecode.swift; path = SessionState.swift; sourceTree = "<group>"; };
		F5CF2A062BD1CD8A00C66F78 /* SharePlaySessionController.swift */ = {isa = PBXFileReference; lastKnownFileType = sourcecode.swift; path = SharePlaySessionController.swift; sourceTree = "<group>"; };
		F5CF2A082BD1CF9600C66F78 /* PitchLoopActivity.swift */ = {isa = PBXFileReference; lastKnownFileType = sourcecode.swift; path = PitchLoopActivity.swift; sourceTree = "<group>"; };
		F5CF2A0A2BD1D1A900C66F78 /* ParticipantModel.swift */ = {isa = PBXFileReference; lastKnownFileType = sourcecode.swift; path = ParticipantModel.swift; sourceTree = "<group>"; };
		F5CF2A122BD1EC6700C66F78 /* SharePlayEntryView.swift */ = {isa = PBXFileReference; lastKnownFileType = sourcecode.swift; path = SharePlayEntryView.swift; sourceTree = "<group>"; };
		F5E971A22BE0492900A0BE6A /* RootView.swift */ = {isa = PBXFileReference; lastKnownFileType = sourcecode.swift; path = RootView.swift; sourceTree = "<group>"; };
		F5E971A42BE04BC200A0BE6A /* PitchLoopWindow.swift */ = {isa = PBXFileReference; lastKnownFileType = sourcecode.swift; path = PitchLoopWindow.swift; sourceTree = "<group>"; };
/* End PBXFileReference section */

/* Begin PBXFrameworksBuildPhase section */
		F5155FC92BD09B5D004F1CA1 /* Frameworks */ = {
			isa = PBXFrameworksBuildPhase;
			buildActionMask = 2147483647;
			files = (
			);
			runOnlyForDeploymentPostprocessing = 0;
		};
/* End PBXFrameworksBuildPhase section */

/* Begin PBXGroup section */
		85B3F5EE87134CA42ACB3A8E /* Configuration */ = {
			isa = PBXGroup;
			children = (
				F1D93E542B451142BE1E50AB /* SampleCode.xcconfig */,
			);
			name = Configuration;
			sourceTree = "<group>";
		};
		89740FDD2F92A73D0011DB05 /* OnboardingUI */ = {
			isa = PBXGroup;
			children = (
				89740FE02F92B7A70011DB05 /* AudienceOnboardingView.swift */,
				89F428A02F8978C9004CFB85 /* AudienceReadyView.swift */,
				897410162F955C860011DB05 /* AudienceReminderView.swift */,
				897410182F955C860011DB05 /* AudienceWaitingView.swift */,
				8974101A2F95DCFF0011DB05 /* CuePreviewView.swift */,
				89F4289A2F896CE4004CFB85 /* SpeakerFeedbackView.swift */,
				89F4289C2F896CE5004CFB85 /* SpeakerCueInstructionView.swift */,
				89740FDE2F92AF430011DB05 /* SpeakerStartSessionView.swift */,
				8974101C2F95DF400011DB05 /* WaitingParticipantsView.swift */,
			);
			path = OnboardingUI;
			sourceTree = "<group>";
		};
		897410FF2F99F53D0011DB05 /* SpeakingUI */ = {
			isa = PBXGroup;
			children = (
				897411002F99F5930011DB05 /* FeedbackModels.swift */,
				897411022F99F5950011DB05 /* AudienceFeedbackPanel.swift */,
				897411082F99F5960011DB05 /* SpeakerFeedbackOverlay.swift */,
			);
			path = SpeakingUI;
			sourceTree = "<group>";
		};
		89F428A72F898F1F004CFB85 /* StageManagement */ = {
			isa = PBXGroup;
			children = (
				89F428A82F898F8A004CFB85 /* StageManager.swift */,
				89F428AA2F898F8A004CFB85 /* OnboardingStageManager.swift */,
				89F428AC2F898F8A004CFB85 /* SpeakingStageManager.swift */,
				89F428AE2F898F8B004CFB85 /* ReviewingStageManager.swift */,
			);
			path = StageManagement;
			sourceTree = "<group>";
		};
		89F428B02F8997C9004CFB85 /* Stages */ = {
			isa = PBXGroup;
			children = (
				89F428B12F899863004CFB85 /* OnboardingStageView.swift */,
				89F428B32F899863004CFB85 /* ReviewingStageView.swift */,
				89F428B52F899863004CFB85 /* SpeakingStageView.swift */,
				8974113E2F9A0F010011DB05 /* SpeakingStageWindowView.swift */,
				897411402F9A8E6F0011DB05 /* AudienceSpeakingMainPanelView.swift */,
			);
			path = Stages;
			sourceTree = "<group>";
		};
		C310AA552BD1F2750098D2B8 /* Utilities */ = {
			isa = PBXGroup;
			children = (
				C310AA562BD1F2970098D2B8 /* Publisher+withPrevious.swift */,
			);
			path = Utilities;
			sourceTree = "<group>";
		};
		E729392C6332EF7AEF86125F /* LICENSE */ = {
			isa = PBXGroup;
			children = (
				7688F8DEB562CE9A08724A7B /* LICENSE.txt */,
			);
			name = LICENSE;
			path = .;
			sourceTree = "<group>";
		};
		F5155FC32BD09B5D004F1CA1 = {
			isa = PBXGroup;
			children = (
				475409EE5B8057AEF1677487 /* README.md */,
				F5155FCE2BD09B5D004F1CA1 /* PitchLoopVR */,
				F5155FCD2BD09B5D004F1CA1 /* Products */,
				85B3F5EE87134CA42ACB3A8E /* Configuration */,
				E729392C6332EF7AEF86125F /* LICENSE */,
			);
			sourceTree = "<group>";
		};
		F5155FCD2BD09B5D004F1CA1 /* Products */ = {
			isa = PBXGroup;
			children = (
				F5155FCC2BD09B5D004F1CA1 /* PitchLoopVR.app */,
			);
			name = Products;
			sourceTree = "<group>";
		};
		F5155FCE2BD09B5D004F1CA1 /* PitchLoopVR */ = {
			isa = PBXGroup;
			children = (
				F5155FD32BD09B5D004F1CA1 /* PitchLoopVRApp.swift */,
				F5E971A42BE04BC200A0BE6A /* PitchLoopWindow.swift */,
				F5CF2A0C2BD1EBF700C66F78 /* WindowViews */,
				F5643ADE2BD70B0E00FFF716 /* ImmersiveSpace */,
				F5A044252BD5788500EDAAD5 /* Models */,
				F5A044262BD578BA00EDAAD5 /* GroupActivity */,
				F5AF16252BD70440008D168F /* SpatialPersonaTemplates */,
				C310AA552BD1F2750098D2B8 /* Utilities */,
				F54255CE2BD2DE07006B9A37 /* Resources */,
				89F428A72F898F1F004CFB85 /* StageManagement */,
			);
			path = PitchLoopVR;
			sourceTree = "<group>";
		};
		F54255CE2BD2DE07006B9A37 /* Resources */ = {
			isa = PBXGroup;
			children = (
				F5155FE62BD09BEB004F1CA1 /* PitchLoopVR.entitlements */,
				F5155FE02BD09B5F004F1CA1 /* Info.plist */,
				897410AA2F9958500011DB05 /* pitchroomvroriginal.usdc */,
				897411A22F9AB7C40011DB05 /* pitchroomvr.usdz */,
			);
			path = Resources;
			sourceTree = "<group>";
		};
		F5643ADE2BD70B0E00FFF716 /* ImmersiveSpace */ = {
			isa = PBXGroup;
			children = (
				F50303DB2BD97752005EC512 /* PitchLoopImmersiveSpace.swift */,
			);
			path = ImmersiveSpace;
			sourceTree = "<group>";
		};
		F5A044252BD5788500EDAAD5 /* Models */ = {
			isa = PBXGroup;
			children = (
				F5155FD72BD09B5D004F1CA1 /* PitchLoopAppModel.swift */,
				F5CF2A042BD1C07A00C66F78 /* SessionState.swift */,
				F5CF2A0A2BD1D1A900C66F78 /* ParticipantModel.swift */,
			);
			path = Models;
			sourceTree = "<group>";
		};
		F5A044262BD578BA00EDAAD5 /* GroupActivity */ = {
			isa = PBXGroup;
			children = (
				F5CF2A082BD1CF9600C66F78 /* PitchLoopActivity.swift */,
				F5CF2A062BD1CD8A00C66F78 /* SharePlaySessionController.swift */,
				F5AF16232BD6FC7E008D168F /* SharePlaySessionController+Synchronization.swift */,
				F5A044232BD44EA000EDAAD5 /* SharePlaySessionController+ParticipantRoles.swift */,
			);
			path = GroupActivity;
			sourceTree = "<group>";
		};
		F5AF16252BD70440008D168F /* SpatialPersonaTemplates */ = {
			isa = PBXGroup;
			children = (
				89A734482F8038F1009050AE /* RoleSelectionTemplate.swift */,
				89A7344A2F8038F1009050AE /* SessionTemplate.swift */,
			);
			path = SpatialPersonaTemplates;
			sourceTree = "<group>";
		};
		F5CF2A0C2BD1EBF700C66F78 /* WindowViews */ = {
			isa = PBXGroup;
			children = (
				F5E971A22BE0492900A0BE6A /* RootView.swift */,
				F5CF2A122BD1EC6700C66F78 /* SharePlayEntryView.swift */,
				F5ED05F12BD333D3007C6C60 /* Shared */,
				89F428B02F8997C9004CFB85 /* Stages */,
				89740FDD2F92A73D0011DB05 /* OnboardingUI */,
				897410FF2F99F53D0011DB05 /* SpeakingUI */,
			);
			path = WindowViews;
			sourceTree = "<group>";
		};
		F5ED05F12BD333D3007C6C60 /* Shared */ = {
			isa = PBXGroup;
			children = (
				F518FDCE2BD875A7001D1F19 /* ParticipantNameAlert.swift */,
				5955F3362D41921E003976BC /* SharePlayLauncherButton.swift */,
				89F428B72F89A719004CFB85 /* SessionStartCountdownView.swift */,
				F54255D32BD2E6BB006B9A37 /* RoleSelectionView.swift */,
			);
			path = Shared;
			sourceTree = "<group>";
		};
/* End PBXGroup section */

/* Begin PBXNativeTarget section */
		F5155FCB2BD09B5D004F1CA1 /* PitchLoopVR */ = {
			isa = PBXNativeTarget;
			buildConfigurationList = F5155FE32BD09B5F004F1CA1 /* Build configuration list for PBXNativeTarget "PitchLoopVR" */;
			buildPhases = (
				F5155FC82BD09B5D004F1CA1 /* Sources */,
				F5155FC92BD09B5D004F1CA1 /* Frameworks */,
				F5155FCA2BD09B5D004F1CA1 /* Resources */,
			);
			buildRules = (
			);
			dependencies = (
			);
			name = PitchLoopVR;
			productName = PitchLoopVR;
			productReference = F5155FCC2BD09B5D004F1CA1 /* PitchLoopVR.app */;
			productType = "com.apple.product-type.application";
		};
/* End PBXNativeTarget section */

/* Begin PBXProject section */
		F5155FC42BD09B5D004F1CA1 /* Project object */ = {
			isa = PBXProject;
			attributes = {
				BuildIndependentTargetsInParallel = 1;
				LastSwiftUpdateCheck = 1600;
				LastUpgradeCheck = 2630;
				ORGANIZATIONNAME = Apple;
				TargetAttributes = {
					F5155FCB2BD09B5D004F1CA1 = {
						CreatedOnToolsVersion = 16.0;
					};
				};
			};
			buildConfigurationList = F5155FC72BD09B5D004F1CA1 /* Build configuration list for PBXProject "PitchLoopVR" */;
			compatibilityVersion = "Xcode 14.0";
			developmentRegion = en;
			hasScannedForEncodings = 0;
			knownRegions = (
				en,
				Base,
			);
			mainGroup = F5155FC32BD09B5D004F1CA1;
			productRefGroup = F5155FCD2BD09B5D004F1CA1 /* Products */;
			projectDirPath = "";
			projectRoot = "";
			targets = (
				F5155FCB2BD09B5D004F1CA1 /* PitchLoopVR */,
			);
		};
/* End PBXProject section */

/* Begin PBXResourcesBuildPhase section */
		F5155FCA2BD09B5D004F1CA1 /* Resources */ = {
			isa = PBXResourcesBuildPhase;
			buildActionMask = 2147483647;
			files = (
				897410AB2F9958500011DB05 /* pitchroomvroriginal.usdc in Resources */,
				897411A32F9AB7C40011DB05 /* pitchroomvr.usdz in Resources */,
			);
			runOnlyForDeploymentPostprocessing = 0;
		};
/* End PBXResourcesBuildPhase section */

/* Begin PBXSourcesBuildPhase section */
		F5155FC82BD09B5D004F1CA1 /* Sources */ = {
			isa = PBXSourcesBuildPhase;
			buildActionMask = 2147483647;
			files = (
				89F428A12F8978C9004CFB85 /* AudienceReadyView.swift in Sources */,
				89740FE12F92B7A70011DB05 /* AudienceOnboardingView.swift in Sources */,
				8974113F2F9A0F010011DB05 /* SpeakingStageWindowView.swift in Sources */,
				89A7344B2F8038F1009050AE /* SessionTemplate.swift in Sources */,
				89F4289D2F896CE5004CFB85 /* SpeakerCueInstructionView.swift in Sources */,
				897410172F955C860011DB05 /* AudienceReminderView.swift in Sources */,
				89A734492F8038F1009050AE /* RoleSelectionTemplate.swift in Sources */,
				F5CF2A0B2BD1D1A900C66F78 /* ParticipantModel.swift in Sources */,
				89F4289B2F896CE4004CFB85 /* SpeakerFeedbackView.swift in Sources */,
				897411012F99F5930011DB05 /* FeedbackModels.swift in Sources */,
				8974101B2F95DCFF0011DB05 /* CuePreviewView.swift in Sources */,
				F5A044242BD44EA000EDAAD5 /* SharePlaySessionController+ParticipantRoles.swift in Sources */,
				F5CF2A052BD1C07A00C66F78 /* SessionState.swift in Sources */,
				F5E971A52BE04BC200A0BE6A /* PitchLoopWindow.swift in Sources */,
				F5155FD82BD09B5D004F1CA1 /* PitchLoopAppModel.swift in Sources */,
				F5AF16242BD6FC7E008D168F /* SharePlaySessionController+Synchronization.swift in Sources */,
				F5CF2A092BD1CF9600C66F78 /* PitchLoopActivity.swift in Sources */,
				F5CF2A152BD1F42D00C66F78 /* SharePlayEntryView.swift in Sources */,
				897411092F99F5960011DB05 /* SpeakerFeedbackOverlay.swift in Sources */,
				897411032F99F5950011DB05 /* AudienceFeedbackPanel.swift in Sources */,
				5955F3372D41921E003976BC /* SharePlayLauncherButton.swift in Sources */,
				89F428B42F899863004CFB85 /* ReviewingStageView.swift in Sources */,
				89F428AB2F898F8A004CFB85 /* OnboardingStageManager.swift in Sources */,
				C310AA572BD1F2970098D2B8 /* Publisher+withPrevious.swift in Sources */,
				8974101D2F95DF400011DB05 /* WaitingParticipantsView.swift in Sources */,
				F50303DC2BD97752005EC512 /* PitchLoopImmersiveSpace.swift in Sources */,
				89740FDF2F92AF430011DB05 /* SpeakerStartSessionView.swift in Sources */,
				897410192F955C860011DB05 /* AudienceWaitingView.swift in Sources */,
				89F428B62F899863004CFB85 /* SpeakingStageView.swift in Sources */,
				89F428AD2F898F8A004CFB85 /* SpeakingStageManager.swift in Sources */,
				F5CF2A072BD1CD8A00C66F78 /* SharePlaySessionController.swift in Sources */,
				89F428B22F899863004CFB85 /* OnboardingStageView.swift in Sources */,
				89F428B82F89A719004CFB85 /* SessionStartCountdownView.swift in Sources */,
				F5E971A32BE0492900A0BE6A /* RootView.swift in Sources */,
				89F428AF2F898F8B004CFB85 /* ReviewingStageManager.swift in Sources */,
				89F428A92F898F8A004CFB85 /* StageManager.swift in Sources */,
				897411412F9A8E6F0011DB05 /* AudienceSpeakingMainPanelView.swift in Sources */,
				F518FDCF2BD875A7001D1F19 /* ParticipantNameAlert.swift in Sources */,
				F5155FD42BD09B5D004F1CA1 /* PitchLoopVRApp.swift in Sources */,
				F54255D42BD2E6BB006B9A37 /* RoleSelectionView.swift in Sources */,
			);
			runOnlyForDeploymentPostprocessing = 0;
		};
/* End PBXSourcesBuildPhase section */

/* Begin XCBuildConfiguration section */
		F5155FE12BD09B5F004F1CA1 /* Debug */ = {
			isa = XCBuildConfiguration;
			baseConfigurationReference = F1D93E542B451142BE1E50AB /* SampleCode.xcconfig */;
			buildSettings = {
				ALWAYS_SEARCH_USER_PATHS = NO;
				ASSETCATALOG_COMPILER_GENERATE_SWIFT_ASSET_SYMBOL_EXTENSIONS = YES;
				CLANG_ANALYZER_NONNULL = YES;
				CLANG_ANALYZER_NUMBER_OBJECT_CONVERSION = YES_AGGRESSIVE;
				CLANG_CXX_LANGUAGE_STANDARD = "gnu++20";
				CLANG_ENABLE_MODULES = YES;
				CLANG_ENABLE_OBJC_ARC = YES;
				CLANG_ENABLE_OBJC_WEAK = YES;
				CLANG_WARN_BLOCK_CAPTURE_AUTORELEASING = YES;
				CLANG_WARN_BOOL_CONVERSION = YES;
				CLANG_WARN_COMMA = YES;
				CLANG_WARN_CONSTANT_CONVERSION = YES;
				CLANG_WARN_DEPRECATED_OBJC_IMPLEMENTATIONS = YES;
				CLANG_WARN_DIRECT_OBJC_ISA_USAGE = YES_ERROR;
				CLANG_WARN_DOCUMENTATION_COMMENTS = YES;
				CLANG_WARN_EMPTY_BODY = YES;
				CLANG_WARN_ENUM_CONVERSION = YES;
				CLANG_WARN_INFINITE_RECURSION = YES;
				CLANG_WARN_INT_CONVERSION = YES;
				CLANG_WARN_NON_LITERAL_NULL_CONVERSION = YES;
				CLANG_WARN_OBJC_IMPLICIT_RETAIN_SELF = YES;
				CLANG_WARN_OBJC_LITERAL_CONVERSION = YES;
				CLANG_WARN_OBJC_ROOT_CLASS = YES_ERROR;
				CLANG_WARN_QUOTED_INCLUDE_IN_FRAMEWORK_HEADER = YES;
				CLANG_WARN_RANGE_LOOP_ANALYSIS = YES;
				CLANG_WARN_STRICT_PROTOTYPES = YES;
				CLANG_WARN_SUSPICIOUS_MOVE = YES;
				CLANG_WARN_UNGUARDED_AVAILABILITY = YES_AGGRESSIVE;
				CLANG_WARN_UNREACHABLE_CODE = YES;
				CLANG_WARN__DUPLICATE_METHOD_MATCH = YES;
				COPY_PHASE_STRIP = NO;
				DEBUG_INFORMATION_FORMAT = dwarf;
				ENABLE_STRICT_OBJC_MSGSEND = YES;
				ENABLE_TESTABILITY = YES;
				ENABLE_USER_SCRIPT_SANDBOXING = YES;
				GCC_C_LANGUAGE_STANDARD = gnu17;
				GCC_DYNAMIC_NO_PIC = NO;
				GCC_NO_COMMON_BLOCKS = YES;
				GCC_OPTIMIZATION_LEVEL = 0;
				GCC_PREPROCESSOR_DEFINITIONS = (
					"DEBUG=1",
					"$(inherited)",
				);
				GCC_WARN_64_TO_32_BIT_CONVERSION = YES;
				GCC_WARN_ABOUT_RETURN_TYPE = YES_ERROR;
				GCC_WARN_UNDECLARED_SELECTOR = YES;
				GCC_WARN_UNINITIALIZED_AUTOS = YES_AGGRESSIVE;
				GCC_WARN_UNUSED_FUNCTION = YES;
				GCC_WARN_UNUSED_VARIABLE = YES;
				LOCALIZATION_PREFERS_STRING_CATALOGS = YES;
				MTL_ENABLE_DEBUG_INFO = INCLUDE_SOURCE;
				MTL_FAST_MATH = YES;
				ONLY_ACTIVE_ARCH = YES;
				SDKROOT = xros;
				STRING_CATALOG_GENERATE_SYMBOLS = YES;
				SWIFT_ACTIVE_COMPILATION_CONDITIONS = "DEBUG $(inherited)";
				SWIFT_OPTIMIZATION_LEVEL = "-Onone";
				XROS_DEPLOYMENT_TARGET = 2.0;
			};
			name = Debug;
		};
		F5155FE22BD09B5F004F1CA1 /* Release */ = {
			isa = XCBuildConfiguration;
			baseConfigurationReference = F1D93E542B451142BE1E50AB /* SampleCode.xcconfig */;
			buildSettings = {
				ALWAYS_SEARCH_USER_PATHS = NO;
				ASSETCATALOG_COMPILER_GENERATE_SWIFT_ASSET_SYMBOL_EXTENSIONS = YES;
				CLANG_ANALYZER_NONNULL = YES;
				CLANG_ANALYZER_NUMBER_OBJECT_CONVERSION = YES_AGGRESSIVE;
				CLANG_CXX_LANGUAGE_STANDARD = "gnu++20";
				CLANG_ENABLE_MODULES = YES;
				CLANG_ENABLE_OBJC_ARC = YES;
				CLANG_ENABLE_OBJC_WEAK = YES;
				CLANG_WARN_BLOCK_CAPTURE_AUTORELEASING = YES;
				CLANG_WARN_BOOL_CONVERSION = YES;
				CLANG_WARN_COMMA = YES;
				CLANG_WARN_CONSTANT_CONVERSION = YES;
				CLANG_WARN_DEPRECATED_OBJC_IMPLEMENTATIONS = YES;
				CLANG_WARN_DIRECT_OBJC_ISA_USAGE = YES_ERROR;
				CLANG_WARN_DOCUMENTATION_COMMENTS = YES;
				CLANG_WARN_EMPTY_BODY = YES;
				CLANG_WARN_ENUM_CONVERSION = YES;
				CLANG_WARN_INFINITE_RECURSION = YES;
				CLANG_WARN_INT_CONVERSION = YES;
				CLANG_WARN_NON_LITERAL_NULL_CONVERSION = YES;
				CLANG_WARN_OBJC_IMPLICIT_RETAIN_SELF = YES;
				CLANG_WARN_OBJC_LITERAL_CONVERSION = YES;
				CLANG_WARN_OBJC_ROOT_CLASS = YES_ERROR;
				CLANG_WARN_QUOTED_INCLUDE_IN_FRAMEWORK_HEADER = YES;
				CLANG_WARN_RANGE_LOOP_ANALYSIS = YES;
				CLANG_WARN_STRICT_PROTOTYPES = YES;
				CLANG_WARN_SUSPICIOUS_MOVE = YES;
				CLANG_WARN_UNGUARDED_AVAILABILITY = YES_AGGRESSIVE;
				CLANG_WARN_UNREACHABLE_CODE = YES;
				CLANG_WARN__DUPLICATE_METHOD_MATCH = YES;
				COPY_PHASE_STRIP = NO;
				DEBUG_INFORMATION_FORMAT = "dwarf-with-dsym";
				ENABLE_NS_ASSERTIONS = NO;
				ENABLE_STRICT_OBJC_MSGSEND = YES;
				ENABLE_USER_SCRIPT_SANDBOXING = YES;
				GCC_C_LANGUAGE_STANDARD = gnu17;
				GCC_NO_COMMON_BLOCKS = YES;
				GCC_WARN_64_TO_32_BIT_CONVERSION = YES;
				GCC_WARN_ABOUT_RETURN_TYPE = YES_ERROR;
				GCC_WARN_UNDECLARED_SELECTOR = YES;
				GCC_WARN_UNINITIALIZED_AUTOS = YES_AGGRESSIVE;
				GCC_WARN_UNUSED_FUNCTION = YES;
				GCC_WARN_UNUSED_VARIABLE = YES;
				LOCALIZATION_PREFERS_STRING_CATALOGS = YES;
				MTL_ENABLE_DEBUG_INFO = NO;
				MTL_FAST_MATH = YES;
				SDKROOT = xros;
				STRING_CATALOG_GENERATE_SYMBOLS = YES;
				SWIFT_COMPILATION_MODE = wholemodule;
				VALIDATE_PRODUCT = YES;
				XROS_DEPLOYMENT_TARGET = 2.0;
			};
			name = Release;
		};
		F5155FE42BD09B5F004F1CA1 /* Debug */ = {
			isa = XCBuildConfiguration;
			baseConfigurationReference = F1D93E542B451142BE1E50AB /* SampleCode.xcconfig */;
			buildSettings = {
				ASSETCATALOG_COMPILER_APPICON_NAME = AppIcon;
				ASSETCATALOG_COMPILER_GLOBAL_ACCENT_COLOR_NAME = AccentColor;
				CODE_SIGN_ENTITLEMENTS = PitchLoopVR/Resources/PitchLoopVR.entitlements;
				CURRENT_PROJECT_VERSION = 1;
				DEVELOPMENT_ASSET_PATHS = "";
				DEVELOPMENT_TEAM = D9GZK3CLYY;
				ENABLE_PREVIEWS = YES;
				ENABLE_USER_SCRIPT_SANDBOXING = YES;
				GENERATE_INFOPLIST_FILE = YES;
				INFOPLIST_FILE = PitchLoopVR/Resources/Info.plist;
				INFOPLIST_KEY_CFBundleDisplayName = "Pitch Loop VR";
				LD_RUNPATH_SEARCH_PATHS = (
					"$(inherited)",
					"@executable_path/Frameworks",
				);
				MARKETING_VERSION = 1.0;
				PRODUCT_BUNDLE_IDENTIFIER = com.alice.PitchLoopVR;
				PRODUCT_NAME = "$(TARGET_NAME)";
				PROVISIONING_PROFILE_SPECIFIER = "";
				SDKROOT = xros;
				SUPPORTED_PLATFORMS = "xros xrsimulator";
				SWIFT_EMIT_LOC_STRINGS = YES;
				SWIFT_STRICT_CONCURRENCY = minimal;
				SWIFT_VERSION = 5.0;
				TARGETED_DEVICE_FAMILY = "1,2,7";
			};
			name = Debug;
		};
		F5155FE52BD09B5F004F1CA1 /* Release */ = {
			isa = XCBuildConfiguration;
			baseConfigurationReference = F1D93E542B451142BE1E50AB /* SampleCode.xcconfig */;
			buildSettings = {
				ASSETCATALOG_COMPILER_APPICON_NAME = AppIcon;
				ASSETCATALOG_COMPILER_GLOBAL_ACCENT_COLOR_NAME = AccentColor;
				CODE_SIGN_ENTITLEMENTS = PitchLoopVR/Resources/PitchLoopVR.entitlements;
				CURRENT_PROJECT_VERSION = 1;
				DEVELOPMENT_ASSET_PATHS = "";
				DEVELOPMENT_TEAM = L35H743PCL;
				ENABLE_PREVIEWS = YES;
				ENABLE_USER_SCRIPT_SANDBOXING = YES;
				GENERATE_INFOPLIST_FILE = YES;
				INFOPLIST_FILE = PitchLoopVR/Resources/Info.plist;
				INFOPLIST_KEY_CFBundleDisplayName = "Pitch Loop VR";
				LD_RUNPATH_SEARCH_PATHS = (
					"$(inherited)",
					"@executable_path/Frameworks",
				);
				MARKETING_VERSION = 1.0;
				PRODUCT_BUNDLE_IDENTIFIER = com.alice.PitchLoopVR;
				PRODUCT_NAME = "$(TARGET_NAME)";
				PROVISIONING_PROFILE_SPECIFIER = "";
				SDKROOT = xros;
				SUPPORTED_PLATFORMS = "xros xrsimulator";
				SWIFT_EMIT_LOC_STRINGS = YES;
				SWIFT_STRICT_CONCURRENCY = minimal;
				SWIFT_VERSION = 5.0;
				TARGETED_DEVICE_FAMILY = "1,2,7";
			};
			name = Release;
		};
/* End XCBuildConfiguration section */

/* Begin XCConfigurationList section */
		F5155FC72BD09B5D004F1CA1 /* Build configuration list for PBXProject "PitchLoopVR" */ = {
			isa = XCConfigurationList;
			buildConfigurations = (
				F5155FE12BD09B5F004F1CA1 /* Debug */,
				F5155FE22BD09B5F004F1CA1 /* Release */,
			);
			defaultConfigurationIsVisible = 0;
			defaultConfigurationName = Release;
		};
		F5155FE32BD09B5F004F1CA1 /* Build configuration list for PBXNativeTarget "PitchLoopVR" */ = {
			isa = XCConfigurationList;
			buildConfigurations = (
				F5155FE42BD09B5F004F1CA1 /* Debug */,
				F5155FE52BD09B5F004F1CA1 /* Release */,
			);
			defaultConfigurationIsVisible = 0;
			defaultConfigurationName = Release;
		};
/* End XCConfigurationList section */
	};
	rootObject = F5155FC42BD09B5D004F1CA1 /* Project object */;
}
