// !$*UTF8*$!
{
	archiveVersion = 1;
	classes = {
	};
	objectVersion = 56;
	objects = {

/* Begin PBXBuildFile section */
		5955F3372D41921E003976BC /* SharePlayLauncherButton.swift in Sources */ = {isa = PBXBuildFile; fileRef = 5955F3362D41921E003976BC /* SharePlayLauncherButton.swift */; };
		C310AA572BD1F2970098D2B8 /* Publisher+withPrevious.swift in Sources */ = {isa = PBXBuildFile; fileRef = C310AA562BD1F2970098D2B8 /* Publisher+withPrevious.swift */; };
		F50303DC2BD97752005EC512 /* PitchLoopImmersiveSpace.swift in Sources */ = {isa = PBXBuildFile; fileRef = F50303DB2BD97752005EC512 /* PitchLoopImmersiveSpace.swift */; };
		F5155FD42BD09B5D004F1CA1 /* PitchLoopVRApp.swift in Sources */ = {isa = PBXBuildFile; fileRef = F5155FD32BD09B5D004F1CA1 /* PitchLoopVRApp.swift */; };
		F5155FD82BD09B5D004F1CA1 /* PitchLoopAppModel.swift in Sources */ = {isa = PBXBuildFile; fileRef = F5155FD72BD09B5D004F1CA1 /* PitchLoopAppModel.swift */; };
		F518FDCF2BD875A7001D1F19 /* ParticipantNameAlert.swift in Sources */ = {isa = PBXBuildFile; fileRef = F518FDCE2BD875A7001D1F19 /* ParticipantNameAlert.swift */; };
		F5355BF92BD588DA00B519B3 /* SessionWorkspaceView.swift in Sources */ = {isa = PBXBuildFile; fileRef = F5CF2A112BD1EC6100C66F78 /* SessionWorkspaceView.swift */; };
		F54255D42BD2E6BB006B9A37 /* RoleSelectionView.swift in Sources */ = {isa = PBXBuildFile; fileRef = F54255D32BD2E6BB006B9A37 /* RoleSelectionView.swift */; };
		F5643ADC2BD708FF00FFF716 /* PresentationTemplate.swift in Sources */ = {isa = PBXBuildFile; fileRef = F5643ADB2BD708FF00FFF716 /* PresentationTemplate.swift */; };
		F5643AE02BD70C6E00FFF716 /* PresentationBoardView.swift in Sources */ = {isa = PBXBuildFile; fileRef = F5643ADF2BD70B2600FFF716 /* PresentationBoardView.swift */; };
		F5643AE22BD7191700FFF716 /* PresentationBoardPodiumView.swift in Sources */ = {isa = PBXBuildFile; fileRef = F5643AE12BD718D700FFF716 /* PresentationBoardPodiumView.swift */; };
		F5643AE82BD7355800FFF716 /* ParticipantRoleLabelsView.swift in Sources */ = {isa = PBXBuildFile; fileRef = F5643AE72BD7355800FFF716 /* ParticipantRoleLabelsView.swift */; };
		F5A044242BD44EA000EDAAD5 /* SharePlaySessionController+ParticipantRoles.swift in Sources */ = {isa = PBXBuildFile; fileRef = F5A044232BD44EA000EDAAD5 /* SharePlaySessionController+ParticipantRoles.swift */; };
		F5A0442A2BD57A3E00EDAAD5 /* ParticipantRosterView.swift in Sources */ = {isa = PBXBuildFile; fileRef = F5A044292BD579C600EDAAD5 /* ParticipantRosterView.swift */; };
		F5AF16242BD6FC7E008D168F /* SharePlaySessionController+Synchronization.swift in Sources */ = {isa = PBXBuildFile; fileRef = F5AF16232BD6FC7E008D168F /* SharePlaySessionController+Synchronization.swift */; };
		F5CF2A052BD1C07A00C66F78 /* SessionState.swift in Sources */ = {isa = PBXBuildFile; fileRef = F5CF2A042BD1C07A00C66F78 /* SessionState.swift */; };
		F5CF2A072BD1CD8A00C66F78 /* SharePlaySessionController.swift in Sources */ = {isa = PBXBuildFile; fileRef = F5CF2A062BD1CD8A00C66F78 /* SharePlaySessionController.swift */; };
		F5CF2A092BD1CF9600C66F78 /* PitchLoopActivity.swift in Sources */ = {isa = PBXBuildFile; fileRef = F5CF2A082BD1CF9600C66F78 /* PitchLoopActivity.swift */; };
		F5CF2A0B2BD1D1A900C66F78 /* ParticipantModel.swift in Sources */ = {isa = PBXBuildFile; fileRef = F5CF2A0A2BD1D1A900C66F78 /* ParticipantModel.swift */; };
		F5CF2A152BD1F42D00C66F78 /* OnboardingView.swift in Sources */ = {isa = PBXBuildFile; fileRef = F5CF2A122BD1EC6700C66F78 /* OnboardingView.swift */; };
		F5E971A32BE0492900A0BE6A /* RootView.swift in Sources */ = {isa = PBXBuildFile; fileRef = F5E971A22BE0492900A0BE6A /* RootView.swift */; };
		F5E971A52BE04BC200A0BE6A /* PitchLoopWindow.swift in Sources */ = {isa = PBXBuildFile; fileRef = F5E971A42BE04BC200A0BE6A /* PitchLoopWindow.swift */; };
		F5ED05F32BD33974007C6C60 /* PitchLoopToolbar.swift in Sources */ = {isa = PBXBuildFile; fileRef = F5ED05F22BD333E0007C6C60 /* PitchLoopToolbar.swift */; };
/* End PBXBuildFile section */

/* Begin PBXFileReference section */
		475409EE5B8057AEF1677487 /* README.md */ = {isa = PBXFileReference; lastKnownFileType = net.daringfireball.markdown; path = README.md; sourceTree = "<group>"; };
		5955F3362D41921E003976BC /* SharePlayLauncherButton.swift */ = {isa = PBXFileReference; lastKnownFileType = sourcecode.swift; path = SharePlayLauncherButton.swift; sourceTree = "<group>"; };
		7688F8DEB562CE9A08724A7B /* LICENSE.txt */ = {isa = PBXFileReference; includeInIndex = 1; lastKnownFileType = text; path = LICENSE.txt; sourceTree = "<group>"; };
		C310AA562BD1F2970098D2B8 /* Publisher+withPrevious.swift */ = {isa = PBXFileReference; lastKnownFileType = sourcecode.swift; path = "Publisher+withPrevious.swift"; sourceTree = "<group>"; };
		F1D93E542B451142BE1E50AB /* SampleCode.xcconfig */ = {isa = PBXFileReference; lastKnownFileType = text.xcconfig; name = SampleCode.xcconfig; path = Configuration/SampleCode.xcconfig; sourceTree = "<group>"; };
		F50303DB2BD97752005EC512 /* PitchLoopImmersiveSpace.swift */ = {isa = PBXFileReference; lastKnownFileType = sourcecode.swift; path = PitchLoopImmersiveSpace.swift; sourceTree = "<group>"; };
		F5155FCC2BD09B5D004F1CA1 /* PitchLoopVR.app */ = {isa = PBXFileReference; explicitFileType = wrapper.application; includeInIndex = 0; path = PitchLoopVR.app; sourceTree = BUILT_PRODUCTS_DIR; };
		F5155FD32BD09B5D004F1CA1 /* PitchLoopVRApp.swift */ = {isa = PBXFileReference; lastKnownFileType = sourcecode.swift; path = PitchLoopVRApp.swift; sourceTree = "<group>"; };
		F5155FD72BD09B5D004F1CA1 /* PitchLoopAppModel.swift */ = {isa = PBXFileReference; lastKnownFileType = sourcecode.swift; path = PitchLoopAppModel.swift; sourceTree = "<group>"; };
		F5155FE02BD09B5F004F1CA1 /* Info.plist */ = {isa = PBXFileReference; lastKnownFileType = text.plist.xml; path = Info.plist; sourceTree = "<group>"; };
		F5155FE62BD09BEB004F1CA1 /* PitchLoopVR.entitlements */ = {isa = PBXFileReference; lastKnownFileType = text.plist.entitlements; path = PitchLoopVR.entitlements; sourceTree = "<group>"; };
		F518FDCE2BD875A7001D1F19 /* ParticipantNameAlert.swift */ = {isa = PBXFileReference; lastKnownFileType = sourcecode.swift; path = ParticipantNameAlert.swift; sourceTree = "<group>"; };
		F54255D32BD2E6BB006B9A37 /* RoleSelectionView.swift */ = {isa = PBXFileReference; lastKnownFileType = sourcecode.swift; path = RoleSelectionView.swift; sourceTree = "<group>"; };
		F5643ADB2BD708FF00FFF716 /* PresentationTemplate.swift */ = {isa = PBXFileReference; lastKnownFileType = sourcecode.swift; path = PresentationTemplate.swift; sourceTree = "<group>"; };
		F5643ADF2BD70B2600FFF716 /* PresentationBoardView.swift */ = {isa = PBXFileReference; lastKnownFileType = sourcecode.swift; path = PresentationBoardView.swift; sourceTree = "<group>"; };
		F5643AE12BD718D700FFF716 /* PresentationBoardPodiumView.swift */ = {isa = PBXFileReference; lastKnownFileType = sourcecode.swift; path = PresentationBoardPodiumView.swift; sourceTree = "<group>"; };
		F5643AE72BD7355800FFF716 /* ParticipantRoleLabelsView.swift */ = {isa = PBXFileReference; lastKnownFileType = sourcecode.swift; path = ParticipantRoleLabelsView.swift; sourceTree = "<group>"; };
		F5A044232BD44EA000EDAAD5 /* SharePlaySessionController+ParticipantRoles.swift */ = {isa = PBXFileReference; lastKnownFileType = sourcecode.swift; path = "SharePlaySessionController+ParticipantRoles.swift"; sourceTree = "<group>"; };
		F5A044292BD579C600EDAAD5 /* ParticipantRosterView.swift */ = {isa = PBXFileReference; lastKnownFileType = sourcecode.swift; path = ParticipantRosterView.swift; sourceTree = "<group>"; };
		F5AF16232BD6FC7E008D168F /* SharePlaySessionController+Synchronization.swift */ = {isa = PBXFileReference; lastKnownFileType = sourcecode.swift; path = "SharePlaySessionController+Synchronization.swift"; sourceTree = "<group>"; };
		F5CF2A042BD1C07A00C66F78 /* SessionState.swift */ = {isa = PBXFileReference; lastKnownFileType = sourcecode.swift; path = SessionState.swift; sourceTree = "<group>"; };
		F5CF2A062BD1CD8A00C66F78 /* SharePlaySessionController.swift */ = {isa = PBXFileReference; lastKnownFileType = sourcecode.swift; path = SharePlaySessionController.swift; sourceTree = "<group>"; };
		F5CF2A082BD1CF9600C66F78 /* PitchLoopActivity.swift */ = {isa = PBXFileReference; lastKnownFileType = sourcecode.swift; path = PitchLoopActivity.swift; sourceTree = "<group>"; };
		F5CF2A0A2BD1D1A900C66F78 /* ParticipantModel.swift */ = {isa = PBXFileReference; lastKnownFileType = sourcecode.swift; path = ParticipantModel.swift; sourceTree = "<group>"; };
		F5CF2A112BD1EC6100C66F78 /* SessionWorkspaceView.swift */ = {isa = PBXFileReference; lastKnownFileType = sourcecode.swift; path = SessionWorkspaceView.swift; sourceTree = "<group>"; };
		F5CF2A122BD1EC6700C66F78 /* OnboardingView.swift */ = {isa = PBXFileReference; lastKnownFileType = sourcecode.swift; path = OnboardingView.swift; sourceTree = "<group>"; };
		F5E971A22BE0492900A0BE6A /* RootView.swift */ = {isa = PBXFileReference; lastKnownFileType = sourcecode.swift; path = RootView.swift; sourceTree = "<group>"; };
		F5E971A42BE04BC200A0BE6A /* PitchLoopWindow.swift */ = {isa = PBXFileReference; lastKnownFileType = sourcecode.swift; path = PitchLoopWindow.swift; sourceTree = "<group>"; };
		F5ED05F22BD333E0007C6C60 /* PitchLoopToolbar.swift */ = {isa = PBXFileReference; lastKnownFileType = sourcecode.swift; path = PitchLoopToolbar.swift; sourceTree = "<group>"; };
/* End PBXFileReference section */

/* Begin PBXFrameworksBuildPhase section */
		F5155FC92BD09B5D004F1CA1 /* Frameworks */ = {
			isa = PBXFrameworksBuildPhase;
			buildActionMask = 2147483647;
			files = (
			);
			runOnlyForDeploymentPostprocessing = 0;
		};
/* End PBXFrameworksBuildPhase section */

/* Begin PBXGroup section */
		85B3F5EE87134CA42ACB3A8E /* Configuration */ = {
			isa = PBXGroup;
			children = (
				F1D93E542B451142BE1E50AB /* SampleCode.xcconfig */,
			);
			name = Configuration;
			sourceTree = "<group>";
		};
		C310AA552BD1F2750098D2B8 /* Utilities */ = {
			isa = PBXGroup;
			children = (
				C310AA562BD1F2970098D2B8 /* Publisher+withPrevious.swift */,
			);
			path = Utilities;
			sourceTree = "<group>";
		};
		E729392C6332EF7AEF86125F /* LICENSE */ = {
			isa = PBXGroup;
			children = (
				7688F8DEB562CE9A08724A7B /* LICENSE.txt */,
			);
			name = LICENSE;
			path = .;
			sourceTree = "<group>";
		};
		F5155FC32BD09B5D004F1CA1 = {
			isa = PBXGroup;
			children = (
				475409EE5B8057AEF1677487 /* README.md */,
				F5155FCE2BD09B5D004F1CA1 /* PitchLoopVR */,
				F5155FCD2BD09B5D004F1CA1 /* Products */,
				85B3F5EE87134CA42ACB3A8E /* Configuration */,
				E729392C6332EF7AEF86125F /* LICENSE */,
			);
			sourceTree = "<group>";
		};
		F5155FCD2BD09B5D004F1CA1 /* Products */ = {
			isa = PBXGroup;
			children = (
				F5155FCC2BD09B5D004F1CA1 /* PitchLoopVR.app */,
			);
			name = Products;
			sourceTree = "<group>";
		};
		F5155FCE2BD09B5D004F1CA1 /* PitchLoopVR */ = {
			isa = PBXGroup;
			children = (
				F5155FD32BD09B5D004F1CA1 /* PitchLoopVRApp.swift */,
				F5E971A42BE04BC200A0BE6A /* PitchLoopWindow.swift */,
				F5CF2A0C2BD1EBF700C66F78 /* WindowViews */,
				F5643ADE2BD70B0E00FFF716 /* ImmersiveSpace */,
				F5A044252BD5788500EDAAD5 /* Models */,
				F5A044262BD578BA00EDAAD5 /* GroupActivity */,
				F5AF16252BD70440008D168F /* SpatialPersonaTemplates */,
				C310AA552BD1F2750098D2B8 /* Utilities */,
				F54255CE2BD2DE07006B9A37 /* Resources */,
			);
			path = PitchLoopVR;
			sourceTree = "<group>";
		};
		F54255CE2BD2DE07006B9A37 /* Resources */ = {
			isa = PBXGroup;
			children = (
				F5155FE62BD09BEB004F1CA1 /* PitchLoopVR.entitlements */,
				F5155FE02BD09B5F004F1CA1 /* Info.plist */,
			);
			path = Resources;
			sourceTree = "<group>";
		};
		F5643ADE2BD70B0E00FFF716 /* ImmersiveSpace */ = {
			isa = PBXGroup;
			children = (
				F50303DB2BD97752005EC512 /* PitchLoopImmersiveSpace.swift */,
				F5643AE12BD718D700FFF716 /* PresentationBoardPodiumView.swift */,
				F5643ADF2BD70B2600FFF716 /* PresentationBoardView.swift */,
				F5643AE72BD7355800FFF716 /* ParticipantRoleLabelsView.swift */,
			);
			path = ImmersiveSpace;
			sourceTree = "<group>";
		};
		F5A044252BD5788500EDAAD5 /* Models */ = {
			isa = PBXGroup;
			children = (
				F5155FD72BD09B5D004F1CA1 /* PitchLoopAppModel.swift */,
				F5CF2A042BD1C07A00C66F78 /* SessionState.swift */,
				F5CF2A0A2BD1D1A900C66F78 /* ParticipantModel.swift */,
			);
			path = Models;
			sourceTree = "<group>";
		};
		F5A044262BD578BA00EDAAD5 /* GroupActivity */ = {
			isa = PBXGroup;
			children = (
				F5CF2A082BD1CF9600C66F78 /* PitchLoopActivity.swift */,
				F5CF2A062BD1CD8A00C66F78 /* SharePlaySessionController.swift */,
				F5AF16232BD6FC7E008D168F /* SharePlaySessionController+Synchronization.swift */,
				F5A044232BD44EA000EDAAD5 /* SharePlaySessionController+ParticipantRoles.swift */,
			);
			path = GroupActivity;
			sourceTree = "<group>";
		};
		F5AF16252BD70440008D168F /* SpatialPersonaTemplates */ = {
			isa = PBXGroup;
			children = (
				F5643ADB2BD708FF00FFF716 /* PresentationTemplate.swift */,
			);
			path = SpatialPersonaTemplates;
			sourceTree = "<group>";
		};
		F5CF2A0C2BD1EBF700C66F78 /* WindowViews */ = {
			isa = PBXGroup;
			children = (
				F5E971A22BE0492900A0BE6A /* RootView.swift */,
				F5CF2A122BD1EC6700C66F78 /* OnboardingView.swift */,
				F54255D32BD2E6BB006B9A37 /* RoleSelectionView.swift */,
				F5A044292BD579C600EDAAD5 /* ParticipantRosterView.swift */,
				F5CF2A112BD1EC6100C66F78 /* SessionWorkspaceView.swift */,
				F5ED05F12BD333D3007C6C60 /* Shared */,
			);
			path = WindowViews;
			sourceTree = "<group>";
		};
		F5ED05F12BD333D3007C6C60 /* Shared */ = {
			isa = PBXGroup;
			children = (
				F518FDCE2BD875A7001D1F19 /* ParticipantNameAlert.swift */,
				F5ED05F22BD333E0007C6C60 /* PitchLoopToolbar.swift */,
				5955F3362D41921E003976BC /* SharePlayLauncherButton.swift */,
			);
			path = Shared;
			sourceTree = "<group>";
		};
/* End PBXGroup section */

/* Begin PBXNativeTarget section */
		F5155FCB2BD09B5D004F1CA1 /* PitchLoopVR */ = {
			isa = PBXNativeTarget;
			buildConfigurationList = F5155FE32BD09B5F004F1CA1 /* Build configuration list for PBXNativeTarget "PitchLoopVR" */;
			buildPhases = (
				F5155FC82BD09B5D004F1CA1 /* Sources */,
				F5155FC92BD09B5D004F1CA1 /* Frameworks */,
				F5155FCA2BD09B5D004F1CA1 /* Resources */,
			);
			buildRules = (
			);
			dependencies = (
			);
			name = PitchLoopVR;
			productName = PitchLoopVR;
			productReference = F5155FCC2BD09B5D004F1CA1 /* PitchLoopVR.app */;
			productType = "com.apple.product-type.application";
		};
/* End PBXNativeTarget section */

/* Begin PBXProject section */
		F5155FC42BD09B5D004F1CA1 /* Project object */ = {
			isa = PBXProject;
			attributes = {
				BuildIndependentTargetsInParallel = 1;
				LastSwiftUpdateCheck = 1600;
				LastUpgradeCheck = 2630;
				ORGANIZATIONNAME = Apple;
				TargetAttributes = {
					F5155FCB2BD09B5D004F1CA1 = {
						CreatedOnToolsVersion = 16.0;
					};
				};
			};
			buildConfigurationList = F5155FC72BD09B5D004F1CA1 /* Build configuration list for PBXProject "PitchLoopVR" */;
			compatibilityVersion = "Xcode 14.0";
			developmentRegion = en;
			hasScannedForEncodings = 0;
			knownRegions = (
				en,
				Base,
			);
			mainGroup = F5155FC32BD09B5D004F1CA1;
			productRefGroup = F5155FCD2BD09B5D004F1CA1 /* Products */;
			projectDirPath = "";
			projectRoot = "";
			targets = (
				F5155FCB2BD09B5D004F1CA1 /* PitchLoopVR */,
			);
		};
/* End PBXProject section */

/* Begin PBXResourcesBuildPhase section */
		F5155FCA2BD09B5D004F1CA1 /* Resources */ = {
			isa = PBXResourcesBuildPhase;
			buildActionMask = 2147483647;
			files = (
			);
			runOnlyForDeploymentPostprocessing = 0;
		};
/* End PBXResourcesBuildPhase section */

/* Begin PBXSourcesBuildPhase section */
		F5155FC82BD09B5D004F1CA1 /* Sources */ = {
			isa = PBXSourcesBuildPhase;
			buildActionMask = 2147483647;
			files = (
				F5355BF92BD588DA00B519B3 /* SessionWorkspaceView.swift in Sources */,
				F5A0442A2BD57A3E00EDAAD5 /* ParticipantRosterView.swift in Sources */,
				F5CF2A0B2BD1D1A900C66F78 /* ParticipantModel.swift in Sources */,
				F5A044242BD44EA000EDAAD5 /* SharePlaySessionController+ParticipantRoles.swift in Sources */,
				F5CF2A052BD1C07A00C66F78 /* SessionState.swift in Sources */,
				F5643AE82BD7355800FFF716 /* ParticipantRoleLabelsView.swift in Sources */,
				F5E971A52BE04BC200A0BE6A /* PitchLoopWindow.swift in Sources */,
				F5155FD82BD09B5D004F1CA1 /* PitchLoopAppModel.swift in Sources */,
				F5AF16242BD6FC7E008D168F /* SharePlaySessionController+Synchronization.swift in Sources */,
				F5CF2A092BD1CF9600C66F78 /* PitchLoopActivity.swift in Sources */,
				F5CF2A152BD1F42D00C66F78 /* OnboardingView.swift in Sources */,
				5955F3372D41921E003976BC /* SharePlayLauncherButton.swift in Sources */,
				C310AA572BD1F2970098D2B8 /* Publisher+withPrevious.swift in Sources */,
				F50303DC2BD97752005EC512 /* PitchLoopImmersiveSpace.swift in Sources */,
				F5643AE22BD7191700FFF716 /* PresentationBoardPodiumView.swift in Sources */,
				F5643AE02BD70C6E00FFF716 /* PresentationBoardView.swift in Sources */,
				F5643ADC2BD708FF00FFF716 /* PresentationTemplate.swift in Sources */,
				F5CF2A072BD1CD8A00C66F78 /* SharePlaySessionController.swift in Sources */,
				F5E971A32BE0492900A0BE6A /* RootView.swift in Sources */,
				F5ED05F32BD33974007C6C60 /* PitchLoopToolbar.swift in Sources */,
				F518FDCF2BD875A7001D1F19 /* ParticipantNameAlert.swift in Sources */,
				F5155FD42BD09B5D004F1CA1 /* PitchLoopVRApp.swift in Sources */,
				F54255D42BD2E6BB006B9A37 /* RoleSelectionView.swift in Sources */,
			);
			runOnlyForDeploymentPostprocessing = 0;
		};
/* End PBXSourcesBuildPhase section */

/* Begin XCBuildConfiguration section */
		F5155FE12BD09B5F004F1CA1 /* Debug */ = {
			isa = XCBuildConfiguration;
			baseConfigurationReference = F1D93E542B451142BE1E50AB /* SampleCode.xcconfig */;
			buildSettings = {
				ALWAYS_SEARCH_USER_PATHS = NO;
				ASSETCATALOG_COMPILER_GENERATE_SWIFT_ASSET_SYMBOL_EXTENSIONS = YES;
				CLANG_ANALYZER_NONNULL = YES;
				CLANG_ANALYZER_NUMBER_OBJECT_CONVERSION = YES_AGGRESSIVE;
				CLANG_CXX_LANGUAGE_STANDARD = "gnu++20";
				CLANG_ENABLE_MODULES = YES;
				CLANG_ENABLE_OBJC_ARC = YES;
				CLANG_ENABLE_OBJC_WEAK = YES;
				CLANG_WARN_BLOCK_CAPTURE_AUTORELEASING = YES;
				CLANG_WARN_BOOL_CONVERSION = YES;
				CLANG_WARN_COMMA = YES;
				CLANG_WARN_CONSTANT_CONVERSION = YES;
				CLANG_WARN_DEPRECATED_OBJC_IMPLEMENTATIONS = YES;
				CLANG_WARN_DIRECT_OBJC_ISA_USAGE = YES_ERROR;
				CLANG_WARN_DOCUMENTATION_COMMENTS = YES;
				CLANG_WARN_EMPTY_BODY = YES;
				CLANG_WARN_ENUM_CONVERSION = YES;
				CLANG_WARN_INFINITE_RECURSION = YES;
				CLANG_WARN_INT_CONVERSION = YES;
				CLANG_WARN_NON_LITERAL_NULL_CONVERSION = YES;
				CLANG_WARN_OBJC_IMPLICIT_RETAIN_SELF = YES;
				CLANG_WARN_OBJC_LITERAL_CONVERSION = YES;
				CLANG_WARN_OBJC_ROOT_CLASS = YES_ERROR;
				CLANG_WARN_QUOTED_INCLUDE_IN_FRAMEWORK_HEADER = YES;
				CLANG_WARN_RANGE_LOOP_ANALYSIS = YES;
				CLANG_WARN_STRICT_PROTOTYPES = YES;
				CLANG_WARN_SUSPICIOUS_MOVE = YES;
				CLANG_WARN_UNGUARDED_AVAILABILITY = YES_AGGRESSIVE;
				CLANG_WARN_UNREACHABLE_CODE = YES;
				CLANG_WARN__DUPLICATE_METHOD_MATCH = YES;
				COPY_PHASE_STRIP = NO;
				DEBUG_INFORMATION_FORMAT = dwarf;
				ENABLE_STRICT_OBJC_MSGSEND = YES;
				ENABLE_TESTABILITY = YES;
				ENABLE_USER_SCRIPT_SANDBOXING = YES;
				GCC_C_LANGUAGE_STANDARD = gnu17;
				GCC_DYNAMIC_NO_PIC = NO;
				GCC_NO_COMMON_BLOCKS = YES;
				GCC_OPTIMIZATION_LEVEL = 0;
				GCC_PREPROCESSOR_DEFINITIONS = (
					"DEBUG=1",
					"$(inherited)",
				);
				GCC_WARN_64_TO_32_BIT_CONVERSION = YES;
				GCC_WARN_ABOUT_RETURN_TYPE = YES_ERROR;
				GCC_WARN_UNDECLARED_SELECTOR = YES;
				GCC_WARN_UNINITIALIZED_AUTOS = YES_AGGRESSIVE;
				GCC_WARN_UNUSED_FUNCTION = YES;
				GCC_WARN_UNUSED_VARIABLE = YES;
				LOCALIZATION_PREFERS_STRING_CATALOGS = YES;
				MTL_ENABLE_DEBUG_INFO = INCLUDE_SOURCE;
				MTL_FAST_MATH = YES;
				ONLY_ACTIVE_ARCH = YES;
				SDKROOT = xros;
				STRING_CATALOG_GENERATE_SYMBOLS = YES;
				SWIFT_ACTIVE_COMPILATION_CONDITIONS = "DEBUG $(inherited)";
				SWIFT_OPTIMIZATION_LEVEL = "-Onone";
				XROS_DEPLOYMENT_TARGET = 2.0;
			};
			name = Debug;
		};
		F5155FE22BD09B5F004F1CA1 /* Release */ = {
			isa = XCBuildConfiguration;
			baseConfigurationReference = F1D93E542B451142BE1E50AB /* SampleCode.xcconfig */;
			buildSettings = {
				ALWAYS_SEARCH_USER_PATHS = NO;
				ASSETCATALOG_COMPILER_GENERATE_SWIFT_ASSET_SYMBOL_EXTENSIONS = YES;
				CLANG_ANALYZER_NONNULL = YES;
				CLANG_ANALYZER_NUMBER_OBJECT_CONVERSION = YES_AGGRESSIVE;
				CLANG_CXX_LANGUAGE_STANDARD = "gnu++20";
				CLANG_ENABLE_MODULES = YES;
				CLANG_ENABLE_OBJC_ARC = YES;
				CLANG_ENABLE_OBJC_WEAK = YES;
				CLANG_WARN_BLOCK_CAPTURE_AUTORELEASING = YES;
				CLANG_WARN_BOOL_CONVERSION = YES;
				CLANG_WARN_COMMA = YES;
				CLANG_WARN_CONSTANT_CONVERSION = YES;
				CLANG_WARN_DEPRECATED_OBJC_IMPLEMENTATIONS = YES;
				CLANG_WARN_DIRECT_OBJC_ISA_USAGE = YES_ERROR;
				CLANG_WARN_DOCUMENTATION_COMMENTS = YES;
				CLANG_WARN_EMPTY_BODY = YES;
				CLANG_WARN_ENUM_CONVERSION = YES;
				CLANG_WARN_INFINITE_RECURSION = YES;
				CLANG_WARN_INT_CONVERSION = YES;
				CLANG_WARN_NON_LITERAL_NULL_CONVERSION = YES;
				CLANG_WARN_OBJC_IMPLICIT_RETAIN_SELF = YES;
				CLANG_WARN_OBJC_LITERAL_CONVERSION = YES;
				CLANG_WARN_OBJC_ROOT_CLASS = YES_ERROR;
				CLANG_WARN_QUOTED_INCLUDE_IN_FRAMEWORK_HEADER = YES;
				CLANG_WARN_RANGE_LOOP_ANALYSIS = YES;
				CLANG_WARN_STRICT_PROTOTYPES = YES;
				CLANG_WARN_SUSPICIOUS_MOVE = YES;
				CLANG_WARN_UNGUARDED_AVAILABILITY = YES_AGGRESSIVE;
				CLANG_WARN_UNREACHABLE_CODE = YES;
				CLANG_WARN__DUPLICATE_METHOD_MATCH = YES;
				COPY_PHASE_STRIP = NO;
				DEBUG_INFORMATION_FORMAT = "dwarf-with-dsym";
				ENABLE_NS_ASSERTIONS = NO;
				ENABLE_STRICT_OBJC_MSGSEND = YES;
				ENABLE_USER_SCRIPT_SANDBOXING = YES;
				GCC_C_LANGUAGE_STANDARD = gnu17;
				GCC_NO_COMMON_BLOCKS = YES;
				GCC_WARN_64_TO_32_BIT_CONVERSION = YES;
				GCC_WARN_ABOUT_RETURN_TYPE = YES_ERROR;
				GCC_WARN_UNDECLARED_SELECTOR = YES;
				GCC_WARN_UNINITIALIZED_AUTOS = YES_AGGRESSIVE;
				GCC_WARN_UNUSED_FUNCTION = YES;
				GCC_WARN_UNUSED_VARIABLE = YES;
				LOCALIZATION_PREFERS_STRING_CATALOGS = YES;
				MTL_ENABLE_DEBUG_INFO = NO;
				MTL_FAST_MATH = YES;
				SDKROOT = xros;
				STRING_CATALOG_GENERATE_SYMBOLS = YES;
				SWIFT_COMPILATION_MODE = wholemodule;
				VALIDATE_PRODUCT = YES;
				XROS_DEPLOYMENT_TARGET = 2.0;
			};
			name = Release;
		};
		F5155FE42BD09B5F004F1CA1 /* Debug */ = {
			isa = XCBuildConfiguration;
			baseConfigurationReference = F1D93E542B451142BE1E50AB /* SampleCode.xcconfig */;
			buildSettings = {
				ASSETCATALOG_COMPILER_APPICON_NAME = AppIcon;
				ASSETCATALOG_COMPILER_GLOBAL_ACCENT_COLOR_NAME = AccentColor;
				CODE_SIGN_ENTITLEMENTS = PitchLoopVR/Resources/PitchLoopVR.entitlements;
				CURRENT_PROJECT_VERSION = 1;
				DEVELOPMENT_ASSET_PATHS = "";
				DEVELOPMENT_TEAM = "";
				ENABLE_PREVIEWS = YES;
				ENABLE_USER_SCRIPT_SANDBOXING = YES;
				GENERATE_INFOPLIST_FILE = YES;
				INFOPLIST_FILE = PitchLoopVR/Resources/Info.plist;
				INFOPLIST_KEY_CFBundleDisplayName = "Pitch Loop VR";
				LD_RUNPATH_SEARCH_PATHS = (
					"$(inherited)",
					"@executable_path/Frameworks",
				);
				MARKETING_VERSION = 1.0;
				PRODUCT_BUNDLE_IDENTIFIER = "com.example.apple-samplecode.PitchLoopVR${SAMPLE_CODE_DISAMBIGUATOR}";
				PRODUCT_NAME = "$(TARGET_NAME)";
				PROVISIONING_PROFILE_SPECIFIER = "";
				SDKROOT = xros;
				SUPPORTED_PLATFORMS = "xros xrsimulator";
				SWIFT_EMIT_LOC_STRINGS = YES;
				SWIFT_STRICT_CONCURRENCY = minimal;
				SWIFT_VERSION = 5.0;
				TARGETED_DEVICE_FAMILY = "1,2,7";
			};
			name = Debug;
		};
		F5155FE52BD09B5F004F1CA1 /* Release */ = {
			isa = XCBuildConfiguration;
			baseConfigurationReference = F1D93E542B451142BE1E50AB /* SampleCode.xcconfig */;
			buildSettings = {
				ASSETCATALOG_COMPILER_APPICON_NAME = AppIcon;
				ASSETCATALOG_COMPILER_GLOBAL_ACCENT_COLOR_NAME = AccentColor;
				CODE_SIGN_ENTITLEMENTS = PitchLoopVR/Resources/PitchLoopVR.entitlements;
				CURRENT_PROJECT_VERSION = 1;
				DEVELOPMENT_ASSET_PATHS = "";
				DEVELOPMENT_TEAM = "";
				ENABLE_PREVIEWS = YES;
				ENABLE_USER_SCRIPT_SANDBOXING = YES;
				GENERATE_INFOPLIST_FILE = YES;
				INFOPLIST_FILE = PitchLoopVR/Resources/Info.plist;
				INFOPLIST_KEY_CFBundleDisplayName = "Pitch Loop VR";
				LD_RUNPATH_SEARCH_PATHS = (
					"$(inherited)",
					"@executable_path/Frameworks",
				);
				MARKETING_VERSION = 1.0;
				PRODUCT_BUNDLE_IDENTIFIER = "com.example.apple-samplecode.PitchLoopVR${SAMPLE_CODE_DISAMBIGUATOR}";
				PRODUCT_NAME = "$(TARGET_NAME)";
				PROVISIONING_PROFILE_SPECIFIER = "";
				SDKROOT = xros;
				SUPPORTED_PLATFORMS = "xros xrsimulator";
				SWIFT_EMIT_LOC_STRINGS = YES;
				SWIFT_STRICT_CONCURRENCY = minimal;
				SWIFT_VERSION = 5.0;
				TARGETED_DEVICE_FAMILY = "1,2,7";
			};
			name = Release;
		};
/* End XCBuildConfiguration section */

/* Begin XCConfigurationList section */
		F5155FC72BD09B5D004F1CA1 /* Build configuration list for PBXProject "PitchLoopVR" */ = {
			isa = XCConfigurationList;
			buildConfigurations = (
				F5155FE12BD09B5F004F1CA1 /* Debug */,
				F5155FE22BD09B5F004F1CA1 /* Release */,
			);
			defaultConfigurationIsVisible = 0;
			defaultConfigurationName = Release;
		};
		F5155FE32BD09B5F004F1CA1 /* Build configuration list for PBXNativeTarget "PitchLoopVR" */ = {
			isa = XCConfigurationList;
			buildConfigurations = (
				F5155FE42BD09B5F004F1CA1 /* Debug */,
				F5155FE52BD09B5F004F1CA1 /* Release */,
			);
			defaultConfigurationIsVisible = 0;
			defaultConfigurationName = Release;
		};
/* End XCConfigurationList section */
	};
	rootObject = F5155FC42BD09B5D004F1CA1 /* Project object */;
}
